prepare:
  cmd: python src/prepare.py
  deps:
  - path: data/raw
    md5: 8b336c200db91d4a5dd9a2b451590227.dir
  - path: src/prepare.py
    md5: ef804f358e00edcfe52c865b471f8f55
  outs:
  - path: data/prepared/test.csv
    md5: f033bdbae7c58bc0ca2f5b38bf14a106
  - path: data/prepared/train.csv
    md5: 0d4da07bd0d4b85acf7e41e88b15fdbd
train:
  cmd: python src/train.py
  deps:
  - path: data/prepared/train.csv
    md5: 0d4da07bd0d4b85acf7e41e88b15fdbd
  - path: src/train.py
    md5: 1519a9d0cb01c543b4e04fb878922fc6
  outs:
  - path: model/model.joblib
    md5: e581f76f98c801f5e9304d8fb385cffb
evaluate:
  cmd: python src/evaluate.py
  deps:
  - path: model/model.joblib
    md5: e581f76f98c801f5e9304d8fb385cffb
  - path: src/evaluate.py
    md5: b197277667d6269271fff4ae4af8a941
  outs:
  - path: metrics/accuracy.json
    md5: e5f81280df4a365ece8e2813e2dbe8a2
